<Solution>
  <Folder Name="/src/">
    <Project Path="src/AttributeFeats/AttributeFeats.csproj" />
    <Project Path="src/AttributeFeats.Rules/AttributeFeats.Rules.csproj" />
    <Project Path="src/AttributeFeats.Core/AttributeFeats.Core.csproj" />
    <Project Path="src/AttributeFeats.Classic/AttributeFeats.Classic.csproj" />
    <Project Path="src/AttributeFeats.Casting/AttributeFeats.Casting.csproj" />
    <Project Path="src/AttributeFeats.Playstyle/AttributeFeats.Playstyle.csproj" />
  </Folder>
</Solution>
