<Solution>
  <Folder Name="/src/">
    <Project Path="src/WotRHomebrew/WotRHomebrew.csproj" />
    <Project Path="src/WotRHomebrew.Logic/WotRHomebrew.Logic.csproj" />
    <Project Path="src/WotRHomebrew.Core/WotRHomebrew.Core.csproj" />
    <Project Path="src/WotRHomebrew.Attributes/WotRHomebrew.Attributes.csproj" />
    <Project Path="src/WotRHomebrew.Aptitudes/WotRHomebrew.Aptitudes.csproj" />
    <Project Path="src/WotRHomebrew.Martial/WotRHomebrew.Martial.csproj" />
    <Project Path="src/WotRHomebrew.Defense/WotRHomebrew.Defense.csproj" />
    <Project Path="src/WotRHomebrew.Magic/WotRHomebrew.Magic.csproj" />
    <Project Path="src/WotRHomebrew.Summoning/WotRHomebrew.Summoning.csproj" />
    <Project Path="src/WotRHomebrew.Styles/WotRHomebrew.Styles.csproj" />
  </Folder>
</Solution>
